
Microsoft Visual Studio Solution File, Format Version 12.00
# Visual Studio Version 17
VisualStudioVersion = 17.4.33122.133
MinimumVisualStudioVersion = 10.0.40219.1
Project("{FAE04EC0-301F-11D3-BF4B-00C04F79EFBC}") = "B2B", "B2B\B2B.csproj", "{4B6D9FD9-891D-4077-9E8E-94FA40B2D33B}"
EndProject
Global
	GlobalSection(SolutionConfigurationPlatforms) = preSolution
		Debug|Any CPU = Debug|Any CPU
		Release|Any CPU = Release|Any CPU
	EndGlobalSection
	GlobalSection(ProjectConfigurationPlatforms) = postSolution
		{4B6D9FD9-891D-4077-9E8E-94FA40B2D33B}.Debug|Any CPU.ActiveCfg = Debug|Any CPU
		{4B6D9FD9-891D-4077-9E8E-94FA40B2D33B}.Debug|Any CPU.Build.0 = Debug|Any CPU
		{4B6D9FD9-891D-4077-9E8E-94FA40B2D33B}.Release|Any CPU.ActiveCfg = Release|Any CPU
		{4B6D9FD9-891D-4077-9E8E-94FA40B2D33B}.Release|Any CPU.Build.0 = Release|Any CPU
	EndGlobalSection
	GlobalSection(SolutionProperties) = preSolution
		HideSolutionNode = FALSE
	EndGlobalSection
	GlobalSection(ExtensibilityGlobals) = postSolution
		SolutionGuid = {BB70D0F5-9D83-4B31-B7F9-CE74401AA7BB}
	EndGlobalSection
EndGlobal
